
Microsoft Visual Studio Solution File, Format Version 12.00
# Visual Studio Version 16
VisualStudioVersion = 16.0.30611.23
MinimumVisualStudioVersion = 10.0.40219.1
Project("{2150E333-8FDC-42A3-9474-1A3956D46DE8}") = "Domain", "Domain", "{7D30926A-31DC-4178-9CE4-4F386EA30E20}"
EndProject
Project("{2150E333-8FDC-42A3-9474-1A3956D46DE8}") = "Infra.Bus", "Infra.Bus", "{046357A1-D2D1-42CE-92C7-2C1B527BFC4A}"
EndProject
Project("{2150E333-8FDC-42A3-9474-1A3956D46DE8}") = "Infra.Ioc", "Infra.Ioc", "{F5ECB958-2392-4E60-BC87-C746F50DABC8}"
EndProject
Project("{2150E333-8FDC-42A3-9474-1A3956D46DE8}") = "Microservices", "Microservices", "{BFAF5025-DAB9-4B9A-B5AB-C0DD85A5AB7E}"
EndProject
Project("{2150E333-8FDC-42A3-9474-1A3956D46DE8}") = "Presentation", "Presentation", "{BE065FC5-FBB2-493B-9430-4D36230124CB}"
EndProject
Project("{FAE04EC0-301F-11D3-BF4B-00C04F79EFBC}") = "MicroRabbit.Domain.Core", "Domain\MicroRabbit.Domain.Core\MicroRabbit.Domain.Core.csproj", "{4FD885DE-B3BB-44E4-9497-9A00F985644B}"
EndProject
Project("{FAE04EC0-301F-11D3-BF4B-00C04F79EFBC}") = "MicroRabbit.Infra.Bus", "Infra.Bus\MicroRabbit.Infra.Bus\MicroRabbit.Infra.Bus.csproj", "{1C695BE6-515B-42CD-869C-D9DE0AE3DCA8}"
EndProject
Global
	GlobalSection(SolutionConfigurationPlatforms) = preSolution
		Debug|Any CPU = Debug|Any CPU
		Release|Any CPU = Release|Any CPU
	EndGlobalSection
	GlobalSection(ProjectConfigurationPlatforms) = postSolution
		{4FD885DE-B3BB-44E4-9497-9A00F985644B}.Debug|Any CPU.ActiveCfg = Debug|Any CPU
		{4FD885DE-B3BB-44E4-9497-9A00F985644B}.Debug|Any CPU.Build.0 = Debug|Any CPU
		{4FD885DE-B3BB-44E4-9497-9A00F985644B}.Release|Any CPU.ActiveCfg = Release|Any CPU
		{4FD885DE-B3BB-44E4-9497-9A00F985644B}.Release|Any CPU.Build.0 = Release|Any CPU
		{1C695BE6-515B-42CD-869C-D9DE0AE3DCA8}.Debug|Any CPU.ActiveCfg = Debug|Any CPU
		{1C695BE6-515B-42CD-869C-D9DE0AE3DCA8}.Debug|Any CPU.Build.0 = Debug|Any CPU
		{1C695BE6-515B-42CD-869C-D9DE0AE3DCA8}.Release|Any CPU.ActiveCfg = Release|Any CPU
		{1C695BE6-515B-42CD-869C-D9DE0AE3DCA8}.Release|Any CPU.Build.0 = Release|Any CPU
	EndGlobalSection
	GlobalSection(SolutionProperties) = preSolution
		HideSolutionNode = FALSE
	EndGlobalSection
	GlobalSection(NestedProjects) = preSolution
		{4FD885DE-B3BB-44E4-9497-9A00F985644B} = {7D30926A-31DC-4178-9CE4-4F386EA30E20}
		{1C695BE6-515B-42CD-869C-D9DE0AE3DCA8} = {046357A1-D2D1-42CE-92C7-2C1B527BFC4A}
	EndGlobalSection
	GlobalSection(ExtensibilityGlobals) = postSolution
		SolutionGuid = {F4AC95AE-BE92-4D74-9312-DEBF7D2253C0}
	EndGlobalSection
EndGlobal
